Microsoft Visual Studio Solution File, Format Version 12.00
# Visual Studio Version 17
VisualStudioVersion = 17.4.33213.308
MinimumVisualStudioVersion = 10.0.40219.1
Project("{2150E333-8FDC-42A3-9474-1A3956D46DE8}") = "src", "src", "{D84B89C9-567A-4EB2-A49D-0DDBCE4E7C4A}"
EndProject
Project("{9A19103F-16F7-4668-BE54-9A1E7A4F7556}") = "LifeMastery.API", "src\LifeMastery.API\LifeMastery.API.csproj", "{72EEC1C1-89A7-4268-AF35-3E52A0002FD0}"
EndProject
Project("{9A19103F-16F7-4668-BE54-9A1E7A4F7556}") = "LifeMastery.Infrastructure", "src\LifeMastery.Data\LifeMastery.Infrastructure.csproj", "{9334F072-F9FD-4600-9C72-C2A5DC6F6DDB}"
EndProject
Project("{2150E333-8FDC-42A3-9474-1A3956D46DE8}") = "tests", "tests", "{26C61D12-7AE6-423F-B94E-F28B8E543FDB}"
EndProject
Project("{9A19103F-16F7-4668-BE54-9A1E7A4F7556}") = "UnitTests", "tests\UnitTests\UnitTests.csproj", "{E43925D9-1811-4E22-BE6D-57D1D5EEDE88}"
EndProject
Project("{9A19103F-16F7-4668-BE54-9A1E7A4F7556}") = "Common", "tests\Common\Common.csproj", "{A5E2163B-57F0-4F09-8348-8C476DA3A8E1}"
EndProject
Project("{FAE04EC0-301F-11D3-BF4B-00C04F79EFBC}") = "Scenarius", "tests\Scenarius\Scenarius.csproj", "{8AF91411-4816-4455-99A9-9D07B88BADA7}"
EndProject
Project("{FAE04EC0-301F-11D3-BF4B-00C04F79EFBC}") = "LifeMastery.ScenariusTests", "tests\LifeMastery.ScenariusTests\LifeMastery.ScenariusTests.csproj", "{13F63514-2BC2-48AA-9744-85C45683E8A3}"
EndProject
Project("{2150E333-8FDC-42A3-9474-1A3956D46DE8}") = "modules", "modules", "{02EA681E-C7D8-13C7-8484-4AC65E1B71E8}"
EndProject
Project("{FAE04EC0-301F-11D3-BF4B-00C04F79EFBC}") = "LifeMastery.Finance", "src\LifeMastery.Finance\LifeMastery.Finance.csproj", "{5EBE5984-B202-4C8B-9CDB-DE9567C81A37}"
EndProject
Project("{FAE04EC0-301F-11D3-BF4B-00C04F79EFBC}") = "LifeMastery.Domain.Abstractions", "src\LifeMastery.Domain.Abstractions\LifeMastery.Domain.Abstractions.csproj", "{C8967EC9-462A-4FB0-9EE9-0D99B33C01D1}"
EndProject
Project("{FAE04EC0-301F-11D3-BF4B-00C04F79EFBC}") = "LifeMastery.Common", "src\LifeMastery.Common\LifeMastery.Common.csproj", "{C49CEF94-EC09-4E8E-9307-ECF365240F72}"
EndProject
Project("{FAE04EC0-301F-11D3-BF4B-00C04F79EFBC}") = "LifeMastery.Health", "src\LifeMastery.Health\LifeMastery.Health.csproj", "{43807726-817F-463F-90C9-D94B780858F1}"
EndProject
Project("{FAE04EC0-301F-11D3-BF4B-00C04F79EFBC}") = "LifeMastery.Agenda", "src\LifeMastery.Agenda\LifeMastery.Agenda.csproj", "{C95E32B2-341E-4224-A072-7088682F074B}"
EndProject
Global
	GlobalSection(SolutionConfigurationPlatforms) = preSolution
		Debug|Any CPU = Debug|Any CPU
		Release|Any CPU = Release|Any CPU
	EndGlobalSection
	GlobalSection(ProjectConfigurationPlatforms) = postSolution
		{72EEC1C1-89A7-4268-AF35-3E52A0002FD0}.Debug|Any CPU.ActiveCfg = Debug|Any CPU
		{72EEC1C1-89A7-4268-AF35-3E52A0002FD0}.Debug|Any CPU.Build.0 = Debug|Any CPU
		{72EEC1C1-89A7-4268-AF35-3E52A0002FD0}.Release|Any CPU.ActiveCfg = Release|Any CPU
		{72EEC1C1-89A7-4268-AF35-3E52A0002FD0}.Release|Any CPU.Build.0 = Release|Any CPU
		{9334F072-F9FD-4600-9C72-C2A5DC6F6DDB}.Debug|Any CPU.ActiveCfg = Debug|Any CPU
		{9334F072-F9FD-4600-9C72-C2A5DC6F6DDB}.Debug|Any CPU.Build.0 = Debug|Any CPU
		{9334F072-F9FD-4600-9C72-C2A5DC6F6DDB}.Release|Any CPU.ActiveCfg = Release|Any CPU
		{9334F072-F9FD-4600-9C72-C2A5DC6F6DDB}.Release|Any CPU.Build.0 = Release|Any CPU
		{E43925D9-1811-4E22-BE6D-57D1D5EEDE88}.Debug|Any CPU.ActiveCfg = Debug|Any CPU
		{E43925D9-1811-4E22-BE6D-57D1D5EEDE88}.Debug|Any CPU.Build.0 = Debug|Any CPU
		{E43925D9-1811-4E22-BE6D-57D1D5EEDE88}.Release|Any CPU.ActiveCfg = Release|Any CPU
		{E43925D9-1811-4E22-BE6D-57D1D5EEDE88}.Release|Any CPU.Build.0 = Release|Any CPU
		{A5E2163B-57F0-4F09-8348-8C476DA3A8E1}.Debug|Any CPU.ActiveCfg = Debug|Any CPU
		{A5E2163B-57F0-4F09-8348-8C476DA3A8E1}.Debug|Any CPU.Build.0 = Debug|Any CPU
		{A5E2163B-57F0-4F09-8348-8C476DA3A8E1}.Release|Any CPU.ActiveCfg = Release|Any CPU
		{A5E2163B-57F0-4F09-8348-8C476DA3A8E1}.Release|Any CPU.Build.0 = Release|Any CPU
		{8AF91411-4816-4455-99A9-9D07B88BADA7}.Debug|Any CPU.ActiveCfg = Debug|Any CPU
		{8AF91411-4816-4455-99A9-9D07B88BADA7}.Debug|Any CPU.Build.0 = Debug|Any CPU
		{8AF91411-4816-4455-99A9-9D07B88BADA7}.Release|Any CPU.ActiveCfg = Release|Any CPU
		{8AF91411-4816-4455-99A9-9D07B88BADA7}.Release|Any CPU.Build.0 = Release|Any CPU
		{13F63514-2BC2-48AA-9744-85C45683E8A3}.Debug|Any CPU.ActiveCfg = Debug|Any CPU
		{13F63514-2BC2-48AA-9744-85C45683E8A3}.Debug|Any CPU.Build.0 = Debug|Any CPU
		{13F63514-2BC2-48AA-9744-85C45683E8A3}.Release|Any CPU.ActiveCfg = Release|Any CPU
		{13F63514-2BC2-48AA-9744-85C45683E8A3}.Release|Any CPU.Build.0 = Release|Any CPU
		{5EBE5984-B202-4C8B-9CDB-DE9567C81A37}.Debug|Any CPU.ActiveCfg = Debug|Any CPU
		{5EBE5984-B202-4C8B-9CDB-DE9567C81A37}.Debug|Any CPU.Build.0 = Debug|Any CPU
		{5EBE5984-B202-4C8B-9CDB-DE9567C81A37}.Release|Any CPU.ActiveCfg = Release|Any CPU
		{5EBE5984-B202-4C8B-9CDB-DE9567C81A37}.Release|Any CPU.Build.0 = Release|Any CPU
		{C8967EC9-462A-4FB0-9EE9-0D99B33C01D1}.Debug|Any CPU.ActiveCfg = Debug|Any CPU
		{C8967EC9-462A-4FB0-9EE9-0D99B33C01D1}.Debug|Any CPU.Build.0 = Debug|Any CPU
		{C8967EC9-462A-4FB0-9EE9-0D99B33C01D1}.Release|Any CPU.ActiveCfg = Release|Any CPU
		{C8967EC9-462A-4FB0-9EE9-0D99B33C01D1}.Release|Any CPU.Build.0 = Release|Any CPU
		{C49CEF94-EC09-4E8E-9307-ECF365240F72}.Debug|Any CPU.ActiveCfg = Debug|Any CPU
		{C49CEF94-EC09-4E8E-9307-ECF365240F72}.Debug|Any CPU.Build.0 = Debug|Any CPU
		{C49CEF94-EC09-4E8E-9307-ECF365240F72}.Release|Any CPU.ActiveCfg = Release|Any CPU
		{C49CEF94-EC09-4E8E-9307-ECF365240F72}.Release|Any CPU.Build.0 = Release|Any CPU
		{43807726-817F-463F-90C9-D94B780858F1}.Debug|Any CPU.ActiveCfg = Debug|Any CPU
		{43807726-817F-463F-90C9-D94B780858F1}.Debug|Any CPU.Build.0 = Debug|Any CPU
		{43807726-817F-463F-90C9-D94B780858F1}.Release|Any CPU.ActiveCfg = Release|Any CPU
		{43807726-817F-463F-90C9-D94B780858F1}.Release|Any CPU.Build.0 = Release|Any CPU
		{C95E32B2-341E-4224-A072-7088682F074B}.Debug|Any CPU.ActiveCfg = Debug|Any CPU
		{C95E32B2-341E-4224-A072-7088682F074B}.Debug|Any CPU.Build.0 = Debug|Any CPU
		{C95E32B2-341E-4224-A072-7088682F074B}.Release|Any CPU.ActiveCfg = Release|Any CPU
		{C95E32B2-341E-4224-A072-7088682F074B}.Release|Any CPU.Build.0 = Release|Any CPU
	EndGlobalSection
	GlobalSection(SolutionProperties) = preSolution
		HideSolutionNode = FALSE
	EndGlobalSection
	GlobalSection(NestedProjects) = preSolution
		{72EEC1C1-89A7-4268-AF35-3E52A0002FD0} = {D84B89C9-567A-4EB2-A49D-0DDBCE4E7C4A}
		{9334F072-F9FD-4600-9C72-C2A5DC6F6DDB} = {D84B89C9-567A-4EB2-A49D-0DDBCE4E7C4A}
		{E43925D9-1811-4E22-BE6D-57D1D5EEDE88} = {26C61D12-7AE6-423F-B94E-F28B8E543FDB}
		{A5E2163B-57F0-4F09-8348-8C476DA3A8E1} = {26C61D12-7AE6-423F-B94E-F28B8E543FDB}
		{8AF91411-4816-4455-99A9-9D07B88BADA7} = {26C61D12-7AE6-423F-B94E-F28B8E543FDB}
		{13F63514-2BC2-48AA-9744-85C45683E8A3} = {26C61D12-7AE6-423F-B94E-F28B8E543FDB}
		{02EA681E-C7D8-13C7-8484-4AC65E1B71E8} = {D84B89C9-567A-4EB2-A49D-0DDBCE4E7C4A}
		{5EBE5984-B202-4C8B-9CDB-DE9567C81A37} = {02EA681E-C7D8-13C7-8484-4AC65E1B71E8}
		{C8967EC9-462A-4FB0-9EE9-0D99B33C01D1} = {D84B89C9-567A-4EB2-A49D-0DDBCE4E7C4A}
		{C49CEF94-EC09-4E8E-9307-ECF365240F72} = {D84B89C9-567A-4EB2-A49D-0DDBCE4E7C4A}
		{43807726-817F-463F-90C9-D94B780858F1} = {02EA681E-C7D8-13C7-8484-4AC65E1B71E8}
		{C95E32B2-341E-4224-A072-7088682F074B} = {02EA681E-C7D8-13C7-8484-4AC65E1B71E8}
	EndGlobalSection
	GlobalSection(ExtensibilityGlobals) = postSolution
		SolutionGuid = {B3C61EA9-B635-4820-A6EB-FB767AABDFA3}
	EndGlobalSection
EndGlobal
